
Microsoft Visual Studio Solution File, Format Version 12.00
# Visual Studio Version 17
VisualStudioVersion = 17.14.36511.14
MinimumVisualStudioVersion = 10.0.40219.1
Project("{FAE04EC0-301F-11D3-BF4B-00C04F79EFBC}") = "laba8_z_c", "laba8_z_c.csproj", "{3CC058CD-EFC0-4DB0-9B12-0BF3ED480C80}"
EndProject
Project("{FAE04EC0-301F-11D3-BF4B-00C04F79EFBC}") = "MyClasss", "..\MyClasss\MyClasss.csproj", "{C549D98E-8DB8-4C0B-BD6A-9A4FB4D009B9}"
EndProject
Global
	GlobalSection(SolutionConfigurationPlatforms) = preSolution
		Debug|Any CPU = Debug|Any CPU
		Release|Any CPU = Release|Any CPU
	EndGlobalSection
	GlobalSection(ProjectConfigurationPlatforms) = postSolution
		{3CC058CD-EFC0-4DB0-9B12-0BF3ED480C80}.Debug|Any CPU.ActiveCfg = Debug|Any CPU
		{3CC058CD-EFC0-4DB0-9B12-0BF3ED480C80}.Debug|Any CPU.Build.0 = Debug|Any CPU
		{3CC058CD-EFC0-4DB0-9B12-0BF3ED480C80}.Release|Any CPU.ActiveCfg = Release|Any CPU
		{3CC058CD-EFC0-4DB0-9B12-0BF3ED480C80}.Release|Any CPU.Build.0 = Release|Any CPU
		{C549D98E-8DB8-4C0B-BD6A-9A4FB4D009B9}.Debug|Any CPU.ActiveCfg = Debug|Any CPU
		{C549D98E-8DB8-4C0B-BD6A-9A4FB4D009B9}.Debug|Any CPU.Build.0 = Debug|Any CPU
		{C549D98E-8DB8-4C0B-BD6A-9A4FB4D009B9}.Release|Any CPU.ActiveCfg = Release|Any CPU
		{C549D98E-8DB8-4C0B-BD6A-9A4FB4D009B9}.Release|Any CPU.Build.0 = Release|Any CPU
	EndGlobalSection
	GlobalSection(SolutionProperties) = preSolution
		HideSolutionNode = FALSE
	EndGlobalSection
	GlobalSection(ExtensibilityGlobals) = postSolution
		SolutionGuid = {21F7192D-E217-4127-9601-25999C012288}
	EndGlobalSection
EndGlobal
